// !$*UTF8*$!
{
	archiveVersion = 1;
	classes = {
	};
	objectVersion = 56;
	objects = {

/* Begin PBXBuildFile section */
		5327D0182E98CE6700CB640C /* FavouritesView.swift in Sources */ = {isa = PBXBuildFile; fileRef = 5327D0172E98CE6700CB640C /* FavouritesView.swift */; };
		5361EE182E982F7A00469BA1 /* RecipeDetailsView.swift in Sources */ = {isa = PBXBuildFile; fileRef = 5361EE172E982F7A00469BA1 /* RecipeDetailsView.swift */; };
		5361EE1B2E9835BA00469BA1 /* DataBaseManager.swift in Sources */ = {isa = PBXBuildFile; fileRef = 5361EE1A2E9835BA00469BA1 /* DataBaseManager.swift */; };
		5361EE1E2E98370A00469BA1 /* RecipesCDContainer.xcdatamodeld in Sources */ = {isa = PBXBuildFile; fileRef = 5361EE1C2E98370A00469BA1 /* RecipesCDContainer.xcdatamodeld */; };
		536F30C52E98E2ED0045836C /* UIExtensions.swift in Sources */ = {isa = PBXBuildFile; fileRef = 536F30C42E98E2ED0045836C /* UIExtensions.swift */; };
		5375A3192E98F78B002AA13A /* GeneralConstants.swift in Sources */ = {isa = PBXBuildFile; fileRef = 5375A3182E98F78B002AA13A /* GeneralConstants.swift */; };
		5395EED52E9839AF00852DCF /* RecipesEntity+CoreDataClass.swift in Sources */ = {isa = PBXBuildFile; fileRef = 5395EED32E9839AF00852DCF /* RecipesEntity+CoreDataClass.swift */; };
		5395EED62E9839AF00852DCF /* RecipesEntity+CoreDataProperties.swift in Sources */ = {isa = PBXBuildFile; fileRef = 5395EED42E9839AF00852DCF /* RecipesEntity+CoreDataProperties.swift */; };
		53A0A2542E97D98B00FA9179 /* UtilsClass.swift in Sources */ = {isa = PBXBuildFile; fileRef = 53A0A2532E97D98B00FA9179 /* UtilsClass.swift */; };
		53ACFCBD2E990BCA00236699 /* RecipesDetailsDM.swift in Sources */ = {isa = PBXBuildFile; fileRef = 53ACFCBC2E990BCA00236699 /* RecipesDetailsDM.swift */; };
		53ACFCBF2E990C6800236699 /* RecipesDetailsVM.swift in Sources */ = {isa = PBXBuildFile; fileRef = 53ACFCBE2E990C6800236699 /* RecipesDetailsVM.swift */; };
		53B614062E97B37100B7D68A /* RecipeAppApp.swift in Sources */ = {isa = PBXBuildFile; fileRef = 53B614052E97B37100B7D68A /* RecipeAppApp.swift */; };
		53B6140A2E97B37300B7D68A /* Assets.xcassets in Resources */ = {isa = PBXBuildFile; fileRef = 53B614092E97B37300B7D68A /* Assets.xcassets */; };
		53B6140D2E97B37300B7D68A /* Preview Assets.xcassets in Resources */ = {isa = PBXBuildFile; fileRef = 53B6140C2E97B37300B7D68A /* Preview Assets.xcassets */; };
		53B614142E97B55A00B7D68A /* RecipeView.swift in Sources */ = {isa = PBXBuildFile; fileRef = 53B614132E97B55A00B7D68A /* RecipeView.swift */; };
		53B614182E97BB9100B7D68A /* NetworkClass.swift in Sources */ = {isa = PBXBuildFile; fileRef = 53B614172E97BB9100B7D68A /* NetworkClass.swift */; };
		53B6141A2E97BCCB00B7D68A /* RecipesVM.swift in Sources */ = {isa = PBXBuildFile; fileRef = 53B614192E97BCCB00B7D68A /* RecipesVM.swift */; };
		53B6141C2E97BDE400B7D68A /* RecipesDM.swift in Sources */ = {isa = PBXBuildFile; fileRef = 53B6141B2E97BDE400B7D68A /* RecipesDM.swift */; };
		53E291DB2E993F5700ADCA0C /* ShoppingView.swift in Sources */ = {isa = PBXBuildFile; fileRef = 53E291DA2E993F5700ADCA0C /* ShoppingView.swift */; };
		53E291E62E995C5900ADCA0C /* RecipeAppTests.swift in Sources */ = {isa = PBXBuildFile; fileRef = 53E291E52E995C5900ADCA0C /* RecipeAppTests.swift */; };
/* End PBXBuildFile section */

/* Begin PBXContainerItemProxy section */
		53E291E72E995C5900ADCA0C /* PBXContainerItemProxy */ = {
			isa = PBXContainerItemProxy;
			containerPortal = 53B613FA2E97B37100B7D68A /* Project object */;
			proxyType = 1;
			remoteGlobalIDString = 53B614012E97B37100B7D68A;
			remoteInfo = RecipeApp;
		};
/* End PBXContainerItemProxy section */

/* Begin PBXFileReference section */
		5327D0172E98CE6700CB640C /* FavouritesView.swift */ = {isa = PBXFileReference; lastKnownFileType = sourcecode.swift; path = FavouritesView.swift; sourceTree = "<group>"; };
		5361EE172E982F7A00469BA1 /* RecipeDetailsView.swift */ = {isa = PBXFileReference; lastKnownFileType = sourcecode.swift; path = RecipeDetailsView.swift; sourceTree = "<group>"; };
		5361EE1A2E9835BA00469BA1 /* DataBaseManager.swift */ = {isa = PBXFileReference; lastKnownFileType = sourcecode.swift; path = DataBaseManager.swift; sourceTree = "<group>"; };
		5361EE1D2E98370A00469BA1 /* RecipesCDContainer.xcdatamodel */ = {isa = PBXFileReference; lastKnownFileType = wrapper.xcdatamodel; path = RecipesCDContainer.xcdatamodel; sourceTree = "<group>"; };
		536F30C42E98E2ED0045836C /* UIExtensions.swift */ = {isa = PBXFileReference; lastKnownFileType = sourcecode.swift; path = UIExtensions.swift; sourceTree = "<group>"; };
		5375A3182E98F78B002AA13A /* GeneralConstants.swift */ = {isa = PBXFileReference; lastKnownFileType = sourcecode.swift; path = GeneralConstants.swift; sourceTree = "<group>"; };
		5395EED32E9839AF00852DCF /* RecipesEntity+CoreDataClass.swift */ = {isa = PBXFileReference; lastKnownFileType = sourcecode.swift; path = "RecipesEntity+CoreDataClass.swift"; sourceTree = SOURCE_ROOT; };
		5395EED42E9839AF00852DCF /* RecipesEntity+CoreDataProperties.swift */ = {isa = PBXFileReference; lastKnownFileType = sourcecode.swift; path = "RecipesEntity+CoreDataProperties.swift"; sourceTree = SOURCE_ROOT; };
		53A0A2532E97D98B00FA9179 /* UtilsClass.swift */ = {isa = PBXFileReference; lastKnownFileType = sourcecode.swift; path = UtilsClass.swift; sourceTree = "<group>"; };
		53ACFCBC2E990BCA00236699 /* RecipesDetailsDM.swift */ = {isa = PBXFileReference; lastKnownFileType = sourcecode.swift; path = RecipesDetailsDM.swift; sourceTree = "<group>"; };
		53ACFCBE2E990C6800236699 /* RecipesDetailsVM.swift */ = {isa = PBXFileReference; lastKnownFileType = sourcecode.swift; path = RecipesDetailsVM.swift; sourceTree = "<group>"; };
		53B614022E97B37100B7D68A /* RecipeApp.app */ = {isa = PBXFileReference; explicitFileType = wrapper.application; includeInIndex = 0; path = RecipeApp.app; sourceTree = BUILT_PRODUCTS_DIR; };
		53B614052E97B37100B7D68A /* RecipeAppApp.swift */ = {isa = PBXFileReference; lastKnownFileType = sourcecode.swift; path = RecipeAppApp.swift; sourceTree = "<group>"; };
		53B614092E97B37300B7D68A /* Assets.xcassets */ = {isa = PBXFileReference; lastKnownFileType = folder.assetcatalog; path = Assets.xcassets; sourceTree = "<group>"; };
		53B6140C2E97B37300B7D68A /* Preview Assets.xcassets */ = {isa = PBXFileReference; lastKnownFileType = folder.assetcatalog; path = "Preview Assets.xcassets"; sourceTree = "<group>"; };
		53B614132E97B55A00B7D68A /* RecipeView.swift */ = {isa = PBXFileReference; lastKnownFileType = sourcecode.swift; path = RecipeView.swift; sourceTree = "<group>"; };
		53B614172E97BB9100B7D68A /* NetworkClass.swift */ = {isa = PBXFileReference; lastKnownFileType = sourcecode.swift; path = NetworkClass.swift; sourceTree = "<group>"; };
		53B614192E97BCCB00B7D68A /* RecipesVM.swift */ = {isa = PBXFileReference; lastKnownFileType = sourcecode.swift; path = RecipesVM.swift; sourceTree = "<group>"; };
		53B6141B2E97BDE400B7D68A /* RecipesDM.swift */ = {isa = PBXFileReference; lastKnownFileType = sourcecode.swift; path = RecipesDM.swift; sourceTree = "<group>"; };
		53E291DA2E993F5700ADCA0C /* ShoppingView.swift */ = {isa = PBXFileReference; lastKnownFileType = sourcecode.swift; path = ShoppingView.swift; sourceTree = "<group>"; };
		53E291E32E995C5900ADCA0C /* RecipeAppTests.xctest */ = {isa = PBXFileReference; explicitFileType = wrapper.cfbundle; includeInIndex = 0; path = RecipeAppTests.xctest; sourceTree = BUILT_PRODUCTS_DIR; };
		53E291E52E995C5900ADCA0C /* RecipeAppTests.swift */ = {isa = PBXFileReference; lastKnownFileType = sourcecode.swift; path = RecipeAppTests.swift; sourceTree = "<group>"; };
/* End PBXFileReference section */

/* Begin PBXFrameworksBuildPhase section */
		53B613FF2E97B37100B7D68A /* Frameworks */ = {
			isa = PBXFrameworksBuildPhase;
			buildActionMask = 2147483647;
			files = (
			);
			runOnlyForDeploymentPostprocessing = 0;
		};
		53E291E02E995C5900ADCA0C /* Frameworks */ = {
			isa = PBXFrameworksBuildPhase;
			buildActionMask = 2147483647;
			files = (
			);
			runOnlyForDeploymentPostprocessing = 0;
		};
/* End PBXFrameworksBuildPhase section */

/* Begin PBXGroup section */
		5327D0142E984EBE00CB640C /* FavouritesTab */ = {
			isa = PBXGroup;
			children = (
				5327D0172E98CE6700CB640C /* FavouritesView.swift */,
			);
			path = FavouritesTab;
			sourceTree = "<group>";
		};
		5361EE162E982F5200469BA1 /* RecipeDetails */ = {
			isa = PBXGroup;
			children = (
				53ACFCBA2E9909C500236699 /* Model */,
				53ACFCBB2E9909C700236699 /* View */,
				53ACFCB92E9909C100236699 /* ViewModel */,
			);
			path = RecipeDetails;
			sourceTree = "<group>";
		};
		5361EE192E98351500469BA1 /* RecipesCoreDataModel */ = {
			isa = PBXGroup;
			children = (
				5395EED32E9839AF00852DCF /* RecipesEntity+CoreDataClass.swift */,
				5395EED42E9839AF00852DCF /* RecipesEntity+CoreDataProperties.swift */,
				5361EE1A2E9835BA00469BA1 /* DataBaseManager.swift */,
				5361EE1C2E98370A00469BA1 /* RecipesCDContainer.xcdatamodeld */,
			);
			path = RecipesCoreDataModel;
			sourceTree = "<group>";
		};
		536F30C12E98E2970045836C /* Utilities */ = {
			isa = PBXGroup;
			children = (
				53A0A2532E97D98B00FA9179 /* UtilsClass.swift */,
				536F30C42E98E2ED0045836C /* UIExtensions.swift */,
				5375A3182E98F78B002AA13A /* GeneralConstants.swift */,
			);
			name = Utilities;
			sourceTree = "<group>";
		};
		53A0A2552E98027300FA9179 /* RecipeTab */ = {
			isa = PBXGroup;
			children = (
				53A0A2572E98029A00FA9179 /* Model */,
				53A0A2562E98029200FA9179 /* View */,
				53A0A2582E9802A000FA9179 /* ViewModel */,
			);
			path = RecipeTab;
			sourceTree = "<group>";
		};
		53A0A2562E98029200FA9179 /* View */ = {
			isa = PBXGroup;
			children = (
				53B614132E97B55A00B7D68A /* RecipeView.swift */,
			);
			path = View;
			sourceTree = "<group>";
		};
		53A0A2572E98029A00FA9179 /* Model */ = {
			isa = PBXGroup;
			children = (
				53B6141B2E97BDE400B7D68A /* RecipesDM.swift */,
			);
			path = Model;
			sourceTree = "<group>";
		};
		53A0A2582E9802A000FA9179 /* ViewModel */ = {
			isa = PBXGroup;
			children = (
				53B614192E97BCCB00B7D68A /* RecipesVM.swift */,
			);
			path = ViewModel;
			sourceTree = "<group>";
		};
		53ACFCB92E9909C100236699 /* ViewModel */ = {
			isa = PBXGroup;
			children = (
				53ACFCBE2E990C6800236699 /* RecipesDetailsVM.swift */,
			);
			path = ViewModel;
			sourceTree = "<group>";
		};
		53ACFCBA2E9909C500236699 /* Model */ = {
			isa = PBXGroup;
			children = (
				53ACFCBC2E990BCA00236699 /* RecipesDetailsDM.swift */,
			);
			path = Model;
			sourceTree = "<group>";
		};
		53ACFCBB2E9909C700236699 /* View */ = {
			isa = PBXGroup;
			children = (
				5361EE172E982F7A00469BA1 /* RecipeDetailsView.swift */,
			);
			path = View;
			sourceTree = "<group>";
		};
		53B613F92E97B37100B7D68A = {
			isa = PBXGroup;
			children = (
				53B614042E97B37100B7D68A /* RecipeApp */,
				53E291E42E995C5900ADCA0C /* RecipeAppTests */,
				53B614032E97B37100B7D68A /* Products */,
			);
			sourceTree = "<group>";
		};
		53B614032E97B37100B7D68A /* Products */ = {
			isa = PBXGroup;
			children = (
				53B614022E97B37100B7D68A /* RecipeApp.app */,
				53E291E32E995C5900ADCA0C /* RecipeAppTests.xctest */,
			);
			name = Products;
			sourceTree = "<group>";
		};
		53B614042E97B37100B7D68A /* RecipeApp */ = {
			isa = PBXGroup;
			children = (
				53B614052E97B37100B7D68A /* RecipeAppApp.swift */,
				53B614172E97BB9100B7D68A /* NetworkClass.swift */,
				53B614092E97B37300B7D68A /* Assets.xcassets */,
				53B6140B2E97B37300B7D68A /* Preview Content */,
				53A0A2552E98027300FA9179 /* RecipeTab */,
				5361EE162E982F5200469BA1 /* RecipeDetails */,
				5327D0142E984EBE00CB640C /* FavouritesTab */,
				53E291D92E993F2D00ADCA0C /* ShoppingTab */,
				536F30C12E98E2970045836C /* Utilities */,
				5361EE192E98351500469BA1 /* RecipesCoreDataModel */,
			);
			path = RecipeApp;
			sourceTree = "<group>";
		};
		53B6140B2E97B37300B7D68A /* Preview Content */ = {
			isa = PBXGroup;
			children = (
				53B6140C2E97B37300B7D68A /* Preview Assets.xcassets */,
			);
			path = "Preview Content";
			sourceTree = "<group>";
		};
		53E291D92E993F2D00ADCA0C /* ShoppingTab */ = {
			isa = PBXGroup;
			children = (
				53E291DA2E993F5700ADCA0C /* ShoppingView.swift */,
			);
			path = ShoppingTab;
			sourceTree = "<group>";
		};
		53E291E42E995C5900ADCA0C /* RecipeAppTests */ = {
			isa = PBXGroup;
			children = (
				53E291E52E995C5900ADCA0C /* RecipeAppTests.swift */,
			);
			path = RecipeAppTests;
			sourceTree = "<group>";
		};
/* End PBXGroup section */

/* Begin PBXNativeTarget section */
		53B614012E97B37100B7D68A /* RecipeApp */ = {
			isa = PBXNativeTarget;
			buildConfigurationList = 53B614102E97B37300B7D68A /* Build configuration list for PBXNativeTarget "RecipeApp" */;
			buildPhases = (
				53B613FE2E97B37100B7D68A /* Sources */,
				53B613FF2E97B37100B7D68A /* Frameworks */,
				53B614002E97B37100B7D68A /* Resources */,
			);
			buildRules = (
			);
			dependencies = (
			);
			name = RecipeApp;
			productName = RecipeApp;
			productReference = 53B614022E97B37100B7D68A /* RecipeApp.app */;
			productType = "com.apple.product-type.application";
		};
		53E291E22E995C5900ADCA0C /* RecipeAppTests */ = {
			isa = PBXNativeTarget;
			buildConfigurationList = 53E291E92E995C5900ADCA0C /* Build configuration list for PBXNativeTarget "RecipeAppTests" */;
			buildPhases = (
				53E291DF2E995C5900ADCA0C /* Sources */,
				53E291E02E995C5900ADCA0C /* Frameworks */,
				53E291E12E995C5900ADCA0C /* Resources */,
			);
			buildRules = (
			);
			dependencies = (
				53E291E82E995C5900ADCA0C /* PBXTargetDependency */,
			);
			name = RecipeAppTests;
			productName = RecipeAppTests;
			productReference = 53E291E32E995C5900ADCA0C /* RecipeAppTests.xctest */;
			productType = "com.apple.product-type.bundle.unit-test";
		};
/* End PBXNativeTarget section */

/* Begin PBXProject section */
		53B613FA2E97B37100B7D68A /* Project object */ = {
			isa = PBXProject;
			attributes = {
				BuildIndependentTargetsInParallel = 1;
				LastSwiftUpdateCheck = 1540;
				LastUpgradeCheck = 1540;
				TargetAttributes = {
					53B614012E97B37100B7D68A = {
						CreatedOnToolsVersion = 15.4;
					};
					53E291E22E995C5900ADCA0C = {
						CreatedOnToolsVersion = 15.4;
						TestTargetID = 53B614012E97B37100B7D68A;
					};
				};
			};
			buildConfigurationList = 53B613FD2E97B37100B7D68A /* Build configuration list for PBXProject "RecipeApp" */;
			compatibilityVersion = "Xcode 14.0";
			developmentRegion = en;
			hasScannedForEncodings = 0;
			knownRegions = (
				en,
				Base,
			);
			mainGroup = 53B613F92E97B37100B7D68A;
			productRefGroup = 53B614032E97B37100B7D68A /* Products */;
			projectDirPath = "";
			projectRoot = "";
			targets = (
				53B614012E97B37100B7D68A /* RecipeApp */,
				53E291E22E995C5900ADCA0C /* RecipeAppTests */,
			);
		};
/* End PBXProject section */

/* Begin PBXResourcesBuildPhase section */
		53B614002E97B37100B7D68A /* Resources */ = {
			isa = PBXResourcesBuildPhase;
			buildActionMask = 2147483647;
			files = (
				53B6140D2E97B37300B7D68A /* Preview Assets.xcassets in Resources */,
				53B6140A2E97B37300B7D68A /* Assets.xcassets in Resources */,
			);
			runOnlyForDeploymentPostprocessing = 0;
		};
		53E291E12E995C5900ADCA0C /* Resources */ = {
			isa = PBXResourcesBuildPhase;
			buildActionMask = 2147483647;
			files = (
			);
			runOnlyForDeploymentPostprocessing = 0;
		};
/* End PBXResourcesBuildPhase section */

/* Begin PBXSourcesBuildPhase section */
		53B613FE2E97B37100B7D68A /* Sources */ = {
			isa = PBXSourcesBuildPhase;
			buildActionMask = 2147483647;
			files = (
				53B614142E97B55A00B7D68A /* RecipeView.swift in Sources */,
				536F30C52E98E2ED0045836C /* UIExtensions.swift in Sources */,
				5361EE1B2E9835BA00469BA1 /* DataBaseManager.swift in Sources */,
				5327D0182E98CE6700CB640C /* FavouritesView.swift in Sources */,
				5361EE1E2E98370A00469BA1 /* RecipesCDContainer.xcdatamodeld in Sources */,
				53ACFCBF2E990C6800236699 /* RecipesDetailsVM.swift in Sources */,
				53B6141A2E97BCCB00B7D68A /* RecipesVM.swift in Sources */,
				53E291DB2E993F5700ADCA0C /* ShoppingView.swift in Sources */,
				5375A3192E98F78B002AA13A /* GeneralConstants.swift in Sources */,
				53B6141C2E97BDE400B7D68A /* RecipesDM.swift in Sources */,
				5361EE182E982F7A00469BA1 /* RecipeDetailsView.swift in Sources */,
				53B614182E97BB9100B7D68A /* NetworkClass.swift in Sources */,
				53B614062E97B37100B7D68A /* RecipeAppApp.swift in Sources */,
				5395EED52E9839AF00852DCF /* RecipesEntity+CoreDataClass.swift in Sources */,
				5395EED62E9839AF00852DCF /* RecipesEntity+CoreDataProperties.swift in Sources */,
				53A0A2542E97D98B00FA9179 /* UtilsClass.swift in Sources */,
				53ACFCBD2E990BCA00236699 /* RecipesDetailsDM.swift in Sources */,
			);
			runOnlyForDeploymentPostprocessing = 0;
		};
		53E291DF2E995C5900ADCA0C /* Sources */ = {
			isa = PBXSourcesBuildPhase;
			buildActionMask = 2147483647;
			files = (
				53E291E62E995C5900ADCA0C /* RecipeAppTests.swift in Sources */,
			);
			runOnlyForDeploymentPostprocessing = 0;
		};
/* End PBXSourcesBuildPhase section */

/* Begin PBXTargetDependency section */
		53E291E82E995C5900ADCA0C /* PBXTargetDependency */ = {
			isa = PBXTargetDependency;
			target = 53B614012E97B37100B7D68A /* RecipeApp */;
			targetProxy = 53E291E72E995C5900ADCA0C /* PBXContainerItemProxy */;
		};
/* End PBXTargetDependency section */

/* Begin XCBuildConfiguration section */
		53B6140E2E97B37300B7D68A /* Debug */ = {
			isa = XCBuildConfiguration;
			buildSettings = {
				ALWAYS_SEARCH_USER_PATHS = NO;
				ASSETCATALOG_COMPILER_GENERATE_SWIFT_ASSET_SYMBOL_EXTENSIONS = YES;
				CLANG_ANALYZER_NONNULL = YES;
				CLANG_ANALYZER_NUMBER_OBJECT_CONVERSION = YES_AGGRESSIVE;
				CLANG_CXX_LANGUAGE_STANDARD = "gnu++20";
				CLANG_ENABLE_MODULES = YES;
				CLANG_ENABLE_OBJC_ARC = YES;
				CLANG_ENABLE_OBJC_WEAK = YES;
				CLANG_WARN_BLOCK_CAPTURE_AUTORELEASING = YES;
				CLANG_WARN_BOOL_CONVERSION = YES;
				CLANG_WARN_COMMA = YES;
				CLANG_WARN_CONSTANT_CONVERSION = YES;
				CLANG_WARN_DEPRECATED_OBJC_IMPLEMENTATIONS = YES;
				CLANG_WARN_DIRECT_OBJC_ISA_USAGE = YES_ERROR;
				CLANG_WARN_DOCUMENTATION_COMMENTS = YES;
				CLANG_WARN_EMPTY_BODY = YES;
				CLANG_WARN_ENUM_CONVERSION = YES;
				CLANG_WARN_INFINITE_RECURSION = YES;
				CLANG_WARN_INT_CONVERSION = YES;
				CLANG_WARN_NON_LITERAL_NULL_CONVERSION = YES;
				CLANG_WARN_OBJC_IMPLICIT_RETAIN_SELF = YES;
				CLANG_WARN_OBJC_LITERAL_CONVERSION = YES;
				CLANG_WARN_OBJC_ROOT_CLASS = YES_ERROR;
				CLANG_WARN_QUOTED_INCLUDE_IN_FRAMEWORK_HEADER = YES;
				CLANG_WARN_RANGE_LOOP_ANALYSIS = YES;
				CLANG_WARN_STRICT_PROTOTYPES = YES;
				CLANG_WARN_SUSPICIOUS_MOVE = YES;
				CLANG_WARN_UNGUARDED_AVAILABILITY = YES_AGGRESSIVE;
				CLANG_WARN_UNREACHABLE_CODE = YES;
				CLANG_WARN__DUPLICATE_METHOD_MATCH = YES;
				COPY_PHASE_STRIP = NO;
				DEBUG_INFORMATION_FORMAT = dwarf;
				ENABLE_STRICT_OBJC_MSGSEND = YES;
				ENABLE_TESTABILITY = YES;
				ENABLE_USER_SCRIPT_SANDBOXING = YES;
				GCC_C_LANGUAGE_STANDARD = gnu17;
				GCC_DYNAMIC_NO_PIC = NO;
				GCC_NO_COMMON_BLOCKS = YES;
				GCC_OPTIMIZATION_LEVEL = 0;
				GCC_PREPROCESSOR_DEFINITIONS = (
					"DEBUG=1",
					"$(inherited)",
				);
				GCC_WARN_64_TO_32_BIT_CONVERSION = YES;
				GCC_WARN_ABOUT_RETURN_TYPE = YES_ERROR;
				GCC_WARN_UNDECLARED_SELECTOR = YES;
				GCC_WARN_UNINITIALIZED_AUTOS = YES_AGGRESSIVE;
				GCC_WARN_UNUSED_FUNCTION = YES;
				GCC_WARN_UNUSED_VARIABLE = YES;
				IPHONEOS_DEPLOYMENT_TARGET = 15.0;
				LOCALIZATION_PREFERS_STRING_CATALOGS = YES;
				MTL_ENABLE_DEBUG_INFO = INCLUDE_SOURCE;
				MTL_FAST_MATH = YES;
				ONLY_ACTIVE_ARCH = YES;
				SDKROOT = iphoneos;
				SWIFT_ACTIVE_COMPILATION_CONDITIONS = "DEBUG $(inherited)";
				SWIFT_OPTIMIZATION_LEVEL = "-Onone";
			};
			name = Debug;
		};
		53B6140F2E97B37300B7D68A /* Release */ = {
			isa = XCBuildConfiguration;
			buildSettings = {
				ALWAYS_SEARCH_USER_PATHS = NO;
				ASSETCATALOG_COMPILER_GENERATE_SWIFT_ASSET_SYMBOL_EXTENSIONS = YES;
				CLANG_ANALYZER_NONNULL = YES;
				CLANG_ANALYZER_NUMBER_OBJECT_CONVERSION = YES_AGGRESSIVE;
				CLANG_CXX_LANGUAGE_STANDARD = "gnu++20";
				CLANG_ENABLE_MODULES = YES;
				CLANG_ENABLE_OBJC_ARC = YES;
				CLANG_ENABLE_OBJC_WEAK = YES;
				CLANG_WARN_BLOCK_CAPTURE_AUTORELEASING = YES;
				CLANG_WARN_BOOL_CONVERSION = YES;
				CLANG_WARN_COMMA = YES;
				CLANG_WARN_CONSTANT_CONVERSION = YES;
				CLANG_WARN_DEPRECATED_OBJC_IMPLEMENTATIONS = YES;
				CLANG_WARN_DIRECT_OBJC_ISA_USAGE = YES_ERROR;
				CLANG_WARN_DOCUMENTATION_COMMENTS = YES;
				CLANG_WARN_EMPTY_BODY = YES;
				CLANG_WARN_ENUM_CONVERSION = YES;
				CLANG_WARN_INFINITE_RECURSION = YES;
				CLANG_WARN_INT_CONVERSION = YES;
				CLANG_WARN_NON_LITERAL_NULL_CONVERSION = YES;
				CLANG_WARN_OBJC_IMPLICIT_RETAIN_SELF = YES;
				CLANG_WARN_OBJC_LITERAL_CONVERSION = YES;
				CLANG_WARN_OBJC_ROOT_CLASS = YES_ERROR;
				CLANG_WARN_QUOTED_INCLUDE_IN_FRAMEWORK_HEADER = YES;
				CLANG_WARN_RANGE_LOOP_ANALYSIS = YES;
				CLANG_WARN_STRICT_PROTOTYPES = YES;
				CLANG_WARN_SUSPICIOUS_MOVE = YES;
				CLANG_WARN_UNGUARDED_AVAILABILITY = YES_AGGRESSIVE;
				CLANG_WARN_UNREACHABLE_CODE = YES;
				CLANG_WARN__DUPLICATE_METHOD_MATCH = YES;
				COPY_PHASE_STRIP = NO;
				DEBUG_INFORMATION_FORMAT = "dwarf-with-dsym";
				ENABLE_NS_ASSERTIONS = NO;
				ENABLE_STRICT_OBJC_MSGSEND = YES;
				ENABLE_USER_SCRIPT_SANDBOXING = YES;
				GCC_C_LANGUAGE_STANDARD = gnu17;
				GCC_NO_COMMON_BLOCKS = YES;
				GCC_WARN_64_TO_32_BIT_CONVERSION = YES;
				GCC_WARN_ABOUT_RETURN_TYPE = YES_ERROR;
				GCC_WARN_UNDECLARED_SELECTOR = YES;
				GCC_WARN_UNINITIALIZED_AUTOS = YES_AGGRESSIVE;
				GCC_WARN_UNUSED_FUNCTION = YES;
				GCC_WARN_UNUSED_VARIABLE = YES;
				IPHONEOS_DEPLOYMENT_TARGET = 15.0;
				LOCALIZATION_PREFERS_STRING_CATALOGS = YES;
				MTL_ENABLE_DEBUG_INFO = NO;
				MTL_FAST_MATH = YES;
				SDKROOT = iphoneos;
				SWIFT_COMPILATION_MODE = wholemodule;
				VALIDATE_PRODUCT = YES;
			};
			name = Release;
		};
		53B614112E97B37300B7D68A /* Debug */ = {
			isa = XCBuildConfiguration;
			buildSettings = {
				ASSETCATALOG_COMPILER_APPICON_NAME = AppIcon;
				ASSETCATALOG_COMPILER_GLOBAL_ACCENT_COLOR_NAME = AccentColor;
				CODE_SIGN_STYLE = Automatic;
				CURRENT_PROJECT_VERSION = 1;
				DEVELOPMENT_ASSET_PATHS = "\"RecipeApp/Preview Content\"";
				DEVELOPMENT_TEAM = 4SW6G6PL45;
				ENABLE_PREVIEWS = YES;
				GENERATE_INFOPLIST_FILE = YES;
				INFOPLIST_KEY_UIApplicationSceneManifest_Generation = YES;
				INFOPLIST_KEY_UIApplicationSupportsIndirectInputEvents = YES;
				INFOPLIST_KEY_UILaunchScreen_Generation = YES;
				INFOPLIST_KEY_UISupportedInterfaceOrientations = UIInterfaceOrientationPortrait;
				IPHONEOS_DEPLOYMENT_TARGET = 15.0;
				LD_RUNPATH_SEARCH_PATHS = (
					"$(inherited)",
					"@executable_path/Frameworks",
				);
				MARKETING_VERSION = 1.0;
				PRODUCT_BUNDLE_IDENTIFIER = com.Prakash.RecipeApp;
				PRODUCT_NAME = "$(TARGET_NAME)";
				SWIFT_EMIT_LOC_STRINGS = YES;
				SWIFT_VERSION = 5.0;
				TARGETED_DEVICE_FAMILY = "1,2";
			};
			name = Debug;
		};
		53B614122E97B37300B7D68A /* Release */ = {
			isa = XCBuildConfiguration;
			buildSettings = {
				ASSETCATALOG_COMPILER_APPICON_NAME = AppIcon;
				ASSETCATALOG_COMPILER_GLOBAL_ACCENT_COLOR_NAME = AccentColor;
				CODE_SIGN_STYLE = Automatic;
				CURRENT_PROJECT_VERSION = 1;
				DEVELOPMENT_ASSET_PATHS = "\"RecipeApp/Preview Content\"";
				DEVELOPMENT_TEAM = 4SW6G6PL45;
				ENABLE_PREVIEWS = YES;
				GENERATE_INFOPLIST_FILE = YES;
				INFOPLIST_KEY_UIApplicationSceneManifest_Generation = YES;
				INFOPLIST_KEY_UIApplicationSupportsIndirectInputEvents = YES;
				INFOPLIST_KEY_UILaunchScreen_Generation = YES;
				INFOPLIST_KEY_UISupportedInterfaceOrientations = UIInterfaceOrientationPortrait;
				IPHONEOS_DEPLOYMENT_TARGET = 15.0;
				LD_RUNPATH_SEARCH_PATHS = (
					"$(inherited)",
					"@executable_path/Frameworks",
				);
				MARKETING_VERSION = 1.0;
				PRODUCT_BUNDLE_IDENTIFIER = com.Prakash.RecipeApp;
				PRODUCT_NAME = "$(TARGET_NAME)";
				SWIFT_EMIT_LOC_STRINGS = YES;
				SWIFT_VERSION = 5.0;
				TARGETED_DEVICE_FAMILY = "1,2";
			};
			name = Release;
		};
		53E291EA2E995C5900ADCA0C /* Debug */ = {
			isa = XCBuildConfiguration;
			buildSettings = {
				BUNDLE_LOADER = "$(TEST_HOST)";
				CODE_SIGN_STYLE = Automatic;
				CURRENT_PROJECT_VERSION = 1;
				DEVELOPMENT_TEAM = 4SW6G6PL45;
				GENERATE_INFOPLIST_FILE = YES;
				IPHONEOS_DEPLOYMENT_TARGET = 17.5;
				MARKETING_VERSION = 1.0;
				PRODUCT_BUNDLE_IDENTIFIER = com.Prakash.RecipeAppTests;
				PRODUCT_NAME = "$(TARGET_NAME)";
				SWIFT_EMIT_LOC_STRINGS = NO;
				SWIFT_VERSION = 5.0;
				TARGETED_DEVICE_FAMILY = "1,2";
				TEST_HOST = "$(BUILT_PRODUCTS_DIR)/RecipeApp.app/$(BUNDLE_EXECUTABLE_FOLDER_PATH)/RecipeApp";
			};
			name = Debug;
		};
		53E291EB2E995C5900ADCA0C /* Release */ = {
			isa = XCBuildConfiguration;
			buildSettings = {
				BUNDLE_LOADER = "$(TEST_HOST)";
				CODE_SIGN_STYLE = Automatic;
				CURRENT_PROJECT_VERSION = 1;
				DEVELOPMENT_TEAM = 4SW6G6PL45;
				GENERATE_INFOPLIST_FILE = YES;
				IPHONEOS_DEPLOYMENT_TARGET = 17.5;
				MARKETING_VERSION = 1.0;
				PRODUCT_BUNDLE_IDENTIFIER = com.Prakash.RecipeAppTests;
				PRODUCT_NAME = "$(TARGET_NAME)";
				SWIFT_EMIT_LOC_STRINGS = NO;
				SWIFT_VERSION = 5.0;
				TARGETED_DEVICE_FAMILY = "1,2";
				TEST_HOST = "$(BUILT_PRODUCTS_DIR)/RecipeApp.app/$(BUNDLE_EXECUTABLE_FOLDER_PATH)/RecipeApp";
			};
			name = Release;
		};
/* End XCBuildConfiguration section */

/* Begin XCConfigurationList section */
		53B613FD2E97B37100B7D68A /* Build configuration list for PBXProject "RecipeApp" */ = {
			isa = XCConfigurationList;
			buildConfigurations = (
				53B6140E2E97B37300B7D68A /* Debug */,
				53B6140F2E97B37300B7D68A /* Release */,
			);
			defaultConfigurationIsVisible = 0;
			defaultConfigurationName = Release;
		};
		53B614102E97B37300B7D68A /* Build configuration list for PBXNativeTarget "RecipeApp" */ = {
			isa = XCConfigurationList;
			buildConfigurations = (
				53B614112E97B37300B7D68A /* Debug */,
				53B614122E97B37300B7D68A /* Release */,
			);
			defaultConfigurationIsVisible = 0;
			defaultConfigurationName = Release;
		};
		53E291E92E995C5900ADCA0C /* Build configuration list for PBXNativeTarget "RecipeAppTests" */ = {
			isa = XCConfigurationList;
			buildConfigurations = (
				53E291EA2E995C5900ADCA0C /* Debug */,
				53E291EB2E995C5900ADCA0C /* Release */,
			);
			defaultConfigurationIsVisible = 0;
			defaultConfigurationName = Release;
		};
/* End XCConfigurationList section */

/* Begin XCVersionGroup section */
		5361EE1C2E98370A00469BA1 /* RecipesCDContainer.xcdatamodeld */ = {
			isa = XCVersionGroup;
			children = (
				5361EE1D2E98370A00469BA1 /* RecipesCDContainer.xcdatamodel */,
			);
			currentVersion = 5361EE1D2E98370A00469BA1 /* RecipesCDContainer.xcdatamodel */;
			name = RecipesCDContainer.xcdatamodeld;
			path = /Users/saiprakashcheera/Desktop/RecipesApp/RecipeApp/RecipesCoreDataModel/RecipesCDContainer.xcdatamodeld;
			sourceTree = "<group>";
			versionGroupType = wrapper.xcdatamodel;
		};
/* End XCVersionGroup section */
	};
	rootObject = 53B613FA2E97B37100B7D68A /* Project object */;
}
